// !$*UTF8*$!
{
	archiveVersion = 1;
	classes = {
	};
	objectVersion = 51;
	objects = {

/* Begin PBXBuildFile section */
		041FEA542312742F00A0E993 /* RootNavigationViewController.swift in Sources */ = {isa = PBXBuildFile; fileRef = 041FEA532312742F00A0E993 /* RootNavigationViewController.swift */; };
		041FEA56231276F100A0E993 /* TabbarViewController.swift in Sources */ = {isa = PBXBuildFile; fileRef = 041FEA55231276F100A0E993 /* TabbarViewController.swift */; };
		041FEA58231280FD00A0E993 /* FirstViewController.swift in Sources */ = {isa = PBXBuildFile; fileRef = 041FEA57231280FD00A0E993 /* FirstViewController.swift */; };
		04D8A9C92312673700AB969A /* AppDelegate.swift in Sources */ = {isa = PBXBuildFile; fileRef = 04D8A9C82312673700AB969A /* AppDelegate.swift */; };
		04D8A9CE2312673700AB969A /* Main.storyboard in Resources */ = {isa = PBXBuildFile; fileRef = 04D8A9CC2312673700AB969A /* Main.storyboard */; };
		04D8A9D02312673800AB969A /* Assets.xcassets in Resources */ = {isa = PBXBuildFile; fileRef = 04D8A9CF2312673800AB969A /* Assets.xcassets */; };
		04D8A9D32312673800AB969A /* LaunchScreen.storyboard in Resources */ = {isa = PBXBuildFile; fileRef = 04D8A9D12312673800AB969A /* LaunchScreen.storyboard */; };
		C6CEDFF92F2DC6E1A466AD3B /* Pods_RxWind.framework in Frameworks */ = {isa = PBXBuildFile; fileRef = 64CA38ABE22AEB601A1391CD /* Pods_RxWind.framework */; };
/* End PBXBuildFile section */

/* Begin PBXFileReference section */
		041FEA532312742F00A0E993 /* RootNavigationViewController.swift */ = {isa = PBXFileReference; lastKnownFileType = sourcecode.swift; path = RootNavigationViewController.swift; sourceTree = "<group>"; };
		041FEA55231276F100A0E993 /* TabbarViewController.swift */ = {isa = PBXFileReference; lastKnownFileType = sourcecode.swift; path = TabbarViewController.swift; sourceTree = "<group>"; };
		041FEA57231280FD00A0E993 /* FirstViewController.swift */ = {isa = PBXFileReference; lastKnownFileType = sourcecode.swift; name = FirstViewController.swift; path = Screens/FirstViewController.swift; sourceTree = "<group>"; };
		04D8A9C52312673700AB969A /* RxWind.app */ = {isa = PBXFileReference; explicitFileType = wrapper.application; includeInIndex = 0; path = RxWind.app; sourceTree = BUILT_PRODUCTS_DIR; };
		04D8A9C82312673700AB969A /* AppDelegate.swift */ = {isa = PBXFileReference; lastKnownFileType = sourcecode.swift; path = AppDelegate.swift; sourceTree = "<group>"; };
		04D8A9CD2312673700AB969A /* Base */ = {isa = PBXFileReference; lastKnownFileType = file.storyboard; name = Base; path = Base.lproj/Main.storyboard; sourceTree = "<group>"; };
		04D8A9CF2312673800AB969A /* Assets.xcassets */ = {isa = PBXFileReference; lastKnownFileType = folder.assetcatalog; path = Assets.xcassets; sourceTree = "<group>"; };
		04D8A9D22312673800AB969A /* Base */ = {isa = PBXFileReference; lastKnownFileType = file.storyboard; name = Base; path = Base.lproj/LaunchScreen.storyboard; sourceTree = "<group>"; };
		04D8A9D42312673800AB969A /* Info.plist */ = {isa = PBXFileReference; lastKnownFileType = text.plist.xml; path = Info.plist; sourceTree = "<group>"; };
		64CA38ABE22AEB601A1391CD /* Pods_RxWind.framework */ = {isa = PBXFileReference; explicitFileType = wrapper.framework; includeInIndex = 0; path = Pods_RxWind.framework; sourceTree = BUILT_PRODUCTS_DIR; };
		BE5BB098238CAE747672CEDF /* Pods-RxWind.release.xcconfig */ = {isa = PBXFileReference; includeInIndex = 1; lastKnownFileType = text.xcconfig; name = "Pods-RxWind.release.xcconfig"; path = "Target Support Files/Pods-RxWind/Pods-RxWind.release.xcconfig"; sourceTree = "<group>"; };
		E0894C3A1B7810A0D643C441 /* Pods-RxWind.debug.xcconfig */ = {isa = PBXFileReference; includeInIndex = 1; lastKnownFileType = text.xcconfig; name = "Pods-RxWind.debug.xcconfig"; path = "Target Support Files/Pods-RxWind/Pods-RxWind.debug.xcconfig"; sourceTree = "<group>"; };
/* End PBXFileReference section */

/* Begin PBXFrameworksBuildPhase section */
		04D8A9C22312673700AB969A /* Frameworks */ = {
			isa = PBXFrameworksBuildPhase;
			buildActionMask = 2147483647;
			files = (
				C6CEDFF92F2DC6E1A466AD3B /* Pods_RxWind.framework in Frameworks */,
			);
			runOnlyForDeploymentPostprocessing = 0;
		};
/* End PBXFrameworksBuildPhase section */

/* Begin PBXGroup section */
		041FEA59231285FA00A0E993 /* Screens */ = {
			isa = PBXGroup;
			children = (
			);
			path = Screens;
			sourceTree = "<group>";
		};
		04D8A9BC2312673700AB969A = {
			isa = PBXGroup;
			children = (
				04D8A9C72312673700AB969A /* RxWind */,
				04D8A9C62312673700AB969A /* Products */,
				E67996B36A617B660ED1DF90 /* Pods */,
				AA93B8985028DCE7681C039B /* Frameworks */,
			);
			sourceTree = "<group>";
		};
		04D8A9C62312673700AB969A /* Products */ = {
			isa = PBXGroup;
			children = (
				04D8A9C52312673700AB969A /* RxWind.app */,
			);
			name = Products;
			sourceTree = "<group>";
		};
		04D8A9C72312673700AB969A /* RxWind */ = {
			isa = PBXGroup;
			children = (
				041FEA59231285FA00A0E993 /* Screens */,
				041FEA57231280FD00A0E993 /* FirstViewController.swift */,
				04D8A9C82312673700AB969A /* AppDelegate.swift */,
				041FEA532312742F00A0E993 /* RootNavigationViewController.swift */,
				041FEA55231276F100A0E993 /* TabbarViewController.swift */,
				04D8A9CC2312673700AB969A /* Main.storyboard */,
				04D8A9CF2312673800AB969A /* Assets.xcassets */,
				04D8A9D12312673800AB969A /* LaunchScreen.storyboard */,
				04D8A9D42312673800AB969A /* Info.plist */,
			);
			path = RxWind;
			sourceTree = "<group>";
		};
		AA93B8985028DCE7681C039B /* Frameworks */ = {
			isa = PBXGroup;
			children = (
				64CA38ABE22AEB601A1391CD /* Pods_RxWind.framework */,
			);
			name = Frameworks;
			sourceTree = "<group>";
		};
		E67996B36A617B660ED1DF90 /* Pods */ = {
			isa = PBXGroup;
			children = (
				E0894C3A1B7810A0D643C441 /* Pods-RxWind.debug.xcconfig */,
				BE5BB098238CAE747672CEDF /* Pods-RxWind.release.xcconfig */,
			);
			path = Pods;
			sourceTree = "<group>";
		};
/* End PBXGroup section */

/* Begin PBXNativeTarget section */
		04D8A9C42312673700AB969A /* RxWind */ = {
			isa = PBXNativeTarget;
			buildConfigurationList = 04D8A9D72312673800AB969A /* Build configuration list for PBXNativeTarget "RxWind" */;
			buildPhases = (
				BA4D72B3AF52B7235DF859DF /* [CP] Check Pods Manifest.lock */,
				04D8A9C12312673700AB969A /* Sources */,
				04D8A9C22312673700AB969A /* Frameworks */,
				04D8A9C32312673700AB969A /* Resources */,
				90C893EDD4995F251AF49DF7 /* [CP] Embed Pods Frameworks */,
			);
			buildRules = (
			);
			dependencies = (
			);
			name = RxWind;
			productName = RxWind;
			productReference = 04D8A9C52312673700AB969A /* RxWind.app */;
			productType = "com.apple.product-type.application";
		};
/* End PBXNativeTarget section */

/* Begin PBXProject section */
		04D8A9BD2312673700AB969A /* Project object */ = {
			isa = PBXProject;
			attributes = {
				LastSwiftUpdateCheck = 1030;
				LastUpgradeCheck = 1030;
				ORGANIZATIONNAME = Mac;
				TargetAttributes = {
					04D8A9C42312673700AB969A = {
						CreatedOnToolsVersion = 10.3;
					};
				};
			};
			buildConfigurationList = 04D8A9C02312673700AB969A /* Build configuration list for PBXProject "RxWind" */;
			compatibilityVersion = "Xcode 9.3";
			developmentRegion = en;
			hasScannedForEncodings = 0;
			knownRegions = (
				en,
				Base,
			);
			mainGroup = 04D8A9BC2312673700AB969A;
			productRefGroup = 04D8A9C62312673700AB969A /* Products */;
			projectDirPath = "";
			projectRoot = "";
			targets = (
				04D8A9C42312673700AB969A /* RxWind */,
			);
		};
/* End PBXProject section */

/* Begin PBXResourcesBuildPhase section */
		04D8A9C32312673700AB969A /* Resources */ = {
			isa = PBXResourcesBuildPhase;
			buildActionMask = 2147483647;
			files = (
				04D8A9D32312673800AB969A /* LaunchScreen.storyboard in Resources */,
				04D8A9D02312673800AB969A /* Assets.xcassets in Resources */,
				04D8A9CE2312673700AB969A /* Main.storyboard in Resources */,
			);
			runOnlyForDeploymentPostprocessing = 0;
		};
/* End PBXResourcesBuildPhase section */

/* Begin PBXShellScriptBuildPhase section */
		90C893EDD4995F251AF49DF7 /* [CP] Embed Pods Frameworks */ = {
			isa = PBXShellScriptBuildPhase;
			buildActionMask = 2147483647;
			files = (
			);
			inputFileListPaths = (
				"${PODS_ROOT}/Target Support Files/Pods-RxWind/Pods-RxWind-frameworks-${CONFIGURATION}-input-files.xcfilelist",
			);
			name = "[CP] Embed Pods Frameworks";
			outputFileListPaths = (
				"${PODS_ROOT}/Target Support Files/Pods-RxWind/Pods-RxWind-frameworks-${CONFIGURATION}-output-files.xcfilelist",
			);
			runOnlyForDeploymentPostprocessing = 0;
			shellPath = /bin/sh;
			shellScript = "\"${PODS_ROOT}/Target Support Files/Pods-RxWind/Pods-RxWind-frameworks.sh\"\n";
			showEnvVarsInLog = 0;
		};
		BA4D72B3AF52B7235DF859DF /* [CP] Check Pods Manifest.lock */ = {
			isa = PBXShellScriptBuildPhase;
			buildActionMask = 2147483647;
			files = (
			);
			inputFileListPaths = (
			);
			inputPaths = (
				"${PODS_PODFILE_DIR_PATH}/Podfile.lock",
				"${PODS_ROOT}/Manifest.lock",
			);
			name = "[CP] Check Pods Manifest.lock";
			outputFileListPaths = (
			);
			outputPaths = (
				"$(DERIVED_FILE_DIR)/Pods-RxWind-checkManifestLockResult.txt",
			);
			runOnlyForDeploymentPostprocessing = 0;
			shellPath = /bin/sh;
			shellScript = "diff \"${PODS_PODFILE_DIR_PATH}/Podfile.lock\" \"${PODS_ROOT}/Manifest.lock\" > /dev/null\nif [ $? != 0 ] ; then\n    # print error to STDERR\n    echo \"error: The sandbox is not in sync with the Podfile.lock. Run 'pod install' or update your CocoaPods installation.\" >&2\n    exit 1\nfi\n# This output is used by Xcode 'outputs' to avoid re-running this script phase.\necho \"SUCCESS\" > \"${SCRIPT_OUTPUT_FILE_0}\"\n";
			showEnvVarsInLog = 0;
		};
/* End PBXShellScriptBuildPhase section */

/* Begin PBXSourcesBuildPhase section */
		04D8A9C12312673700AB969A /* Sources */ = {
			isa = PBXSourcesBuildPhase;
			buildActionMask = 2147483647;
			files = (
				041FEA56231276F100A0E993 /* TabbarViewController.swift in Sources */,
				041FEA542312742F00A0E993 /* RootNavigationViewController.swift in Sources */,
				04D8A9C92312673700AB969A /* AppDelegate.swift in Sources */,
				041FEA58231280FD00A0E993 /* FirstViewController.swift in Sources */,
			);
			runOnlyForDeploymentPostprocessing = 0;
		};
/* End PBXSourcesBuildPhase section */

/* Begin PBXVariantGroup section */
		04D8A9CC2312673700AB969A /* Main.storyboard */ = {
			isa = PBXVariantGroup;
			children = (
				04D8A9CD2312673700AB969A /* Base */,
			);
			name = Main.storyboard;
			sourceTree = "<group>";
		};
		04D8A9D12312673800AB969A /* LaunchScreen.storyboard */ = {
			isa = PBXVariantGroup;
			children = (
				04D8A9D22312673800AB969A /* Base */,
			);
			name = LaunchScreen.storyboard;
			sourceTree = "<group>";
		};
/* End PBXVariantGroup section */

/* Begin XCBuildConfiguration section */
		04D8A9D52312673800AB969A /* Debug */ = {
			isa = XCBuildConfiguration;
			buildSettings = {
				ALWAYS_SEARCH_USER_PATHS = NO;
				CLANG_ANALYZER_NONNULL = YES;
				CLANG_ANALYZER_NUMBER_OBJECT_CONVERSION = YES_AGGRESSIVE;
				CLANG_CXX_LANGUAGE_STANDARD = "gnu++14";
				CLANG_CXX_LIBRARY = "libc++";
				CLANG_ENABLE_MODULES = YES;
				CLANG_ENABLE_OBJC_ARC = YES;
				CLANG_ENABLE_OBJC_WEAK = YES;
				CLANG_WARN_BLOCK_CAPTURE_AUTORELEASING = YES;
				CLANG_WARN_BOOL_CONVERSION = YES;
				CLANG_WARN_COMMA = YES;
				CLANG_WARN_CONSTANT_CONVERSION = YES;
				CLANG_WARN_DEPRECATED_OBJC_IMPLEMENTATIONS = YES;
				CLANG_WARN_DIRECT_OBJC_ISA_USAGE = YES_ERROR;
				CLANG_WARN_DOCUMENTATION_COMMENTS = YES;
				CLANG_WARN_EMPTY_BODY = YES;
				CLANG_WARN_ENUM_CONVERSION = YES;
				CLANG_WARN_INFINITE_RECURSION = YES;
				CLANG_WARN_INT_CONVERSION = YES;
				CLANG_WARN_NON_LITERAL_NULL_CONVERSION = YES;
				CLANG_WARN_OBJC_IMPLICIT_RETAIN_SELF = YES;
				CLANG_WARN_OBJC_LITERAL_CONVERSION = YES;
				CLANG_WARN_OBJC_ROOT_CLASS = YES_ERROR;
				CLANG_WARN_RANGE_LOOP_ANALYSIS = YES;
				CLANG_WARN_STRICT_PROTOTYPES = YES;
				CLANG_WARN_SUSPICIOUS_MOVE = YES;
				CLANG_WARN_UNGUARDED_AVAILABILITY = YES_AGGRESSIVE;
				CLANG_WARN_UNREACHABLE_CODE = YES;
				CLANG_WARN__DUPLICATE_METHOD_MATCH = YES;
				CODE_SIGN_IDENTITY = "iPhone Developer";
				COPY_PHASE_STRIP = NO;
				DEBUG_INFORMATION_FORMAT = dwarf;
				ENABLE_STRICT_OBJC_MSGSEND = YES;
				ENABLE_TESTABILITY = YES;
				GCC_C_LANGUAGE_STANDARD = gnu11;
				GCC_DYNAMIC_NO_PIC = NO;
				GCC_NO_COMMON_BLOCKS = YES;
				GCC_OPTIMIZATION_LEVEL = 0;
				GCC_PREPROCESSOR_DEFINITIONS = (
					"DEBUG=1",
					"$(inherited)",
				);
				GCC_WARN_64_TO_32_BIT_CONVERSION = YES;
				GCC_WARN_ABOUT_RETURN_TYPE = YES_ERROR;
				GCC_WARN_UNDECLARED_SELECTOR = YES;
				GCC_WARN_UNINITIALIZED_AUTOS = YES_AGGRESSIVE;
				GCC_WARN_UNUSED_FUNCTION = YES;
				GCC_WARN_UNUSED_VARIABLE = YES;
				IPHONEOS_DEPLOYMENT_TARGET = 12.4;
				MTL_ENABLE_DEBUG_INFO = INCLUDE_SOURCE;
				MTL_FAST_MATH = YES;
				ONLY_ACTIVE_ARCH = YES;
				SDKROOT = iphoneos;
				SWIFT_ACTIVE_COMPILATION_CONDITIONS = DEBUG;
				SWIFT_OPTIMIZATION_LEVEL = "-Onone";
			};
			name = Debug;
		};
		04D8A9D62312673800AB969A /* Release */ = {
			isa = XCBuildConfiguration;
			buildSettings = {
				ALWAYS_SEARCH_USER_PATHS = NO;
				CLANG_ANALYZER_NONNULL = YES;
				CLANG_ANALYZER_NUMBER_OBJECT_CONVERSION = YES_AGGRESSIVE;
				CLANG_CXX_LANGUAGE_STANDARD = "gnu++14";
				CLANG_CXX_LIBRARY = "libc++";
				CLANG_ENABLE_MODULES = YES;
				CLANG_ENABLE_OBJC_ARC = YES;
				CLANG_ENABLE_OBJC_WEAK = YES;
				CLANG_WARN_BLOCK_CAPTURE_AUTORELEASING = YES;
				CLANG_WARN_BOOL_CONVERSION = YES;
				CLANG_WARN_COMMA = YES;
				CLANG_WARN_CONSTANT_CONVERSION = YES;
				CLANG_WARN_DEPRECATED_OBJC_IMPLEMENTATIONS = YES;
				CLANG_WARN_DIRECT_OBJC_ISA_USAGE = YES_ERROR;
				CLANG_WARN_DOCUMENTATION_COMMENTS = YES;
				CLANG_WARN_EMPTY_BODY = YES;
				CLANG_WARN_ENUM_CONVERSION = YES;
				CLANG_WARN_INFINITE_RECURSION = YES;
				CLANG_WARN_INT_CONVERSION = YES;
				CLANG_WARN_NON_LITERAL_NULL_CONVERSION = YES;
				CLANG_WARN_OBJC_IMPLICIT_RETAIN_SELF = YES;
				CLANG_WARN_OBJC_LITERAL_CONVERSION = YES;
				CLANG_WARN_OBJC_ROOT_CLASS = YES_ERROR;
				CLANG_WARN_RANGE_LOOP_ANALYSIS = YES;
				CLANG_WARN_STRICT_PROTOTYPES = YES;
				CLANG_WARN_SUSPICIOUS_MOVE = YES;
				CLANG_WARN_UNGUARDED_AVAILABILITY = YES_AGGRESSIVE;
				CLANG_WARN_UNREACHABLE_CODE = YES;
				CLANG_WARN__DUPLICATE_METHOD_MATCH = YES;
				CODE_SIGN_IDENTITY = "iPhone Developer";
				COPY_PHASE_STRIP = NO;
				DEBUG_INFORMATION_FORMAT = "dwarf-with-dsym";
				ENABLE_NS_ASSERTIONS = NO;
				ENABLE_STRICT_OBJC_MSGSEND = YES;
				GCC_C_LANGUAGE_STANDARD = gnu11;
				GCC_NO_COMMON_BLOCKS = YES;
				GCC_WARN_64_TO_32_BIT_CONVERSION = YES;
				GCC_WARN_ABOUT_RETURN_TYPE = YES_ERROR;
				GCC_WARN_UNDECLARED_SELECTOR = YES;
				GCC_WARN_UNINITIALIZED_AUTOS = YES_AGGRESSIVE;
				GCC_WARN_UNUSED_FUNCTION = YES;
				GCC_WARN_UNUSED_VARIABLE = YES;
				IPHONEOS_DEPLOYMENT_TARGET = 12.4;
				MTL_ENABLE_DEBUG_INFO = NO;
				MTL_FAST_MATH = YES;
				SDKROOT = iphoneos;
				SWIFT_COMPILATION_MODE = wholemodule;
				SWIFT_OPTIMIZATION_LEVEL = "-O";
				VALIDATE_PRODUCT = YES;
			};
			name = Release;
		};
		04D8A9D82312673800AB969A /* Debug */ = {
			isa = XCBuildConfiguration;
			baseConfigurationReference = E0894C3A1B7810A0D643C441 /* Pods-RxWind.debug.xcconfig */;
			buildSettings = {
				ASSETCATALOG_COMPILER_APPICON_NAME = AppIcon;
				CODE_SIGN_STYLE = Automatic;
				DEVELOPMENT_TEAM = 7D3N6W32KD;
				INFOPLIST_FILE = RxWind/Info.plist;
				IPHONEOS_DEPLOYMENT_TARGET = 10.0;
				LD_RUNPATH_SEARCH_PATHS = (
					"$(inherited)",
					"@executable_path/Frameworks",
				);
				PRODUCT_BUNDLE_IDENTIFIER = com.loself.RxWind;
				PRODUCT_NAME = "$(TARGET_NAME)";
				SWIFT_VERSION = 5.0;
				TARGETED_DEVICE_FAMILY = 1;
			};
			name = Debug;
		};
		04D8A9D92312673800AB969A /* Release */ = {
			isa = XCBuildConfiguration;
			baseConfigurationReference = BE5BB098238CAE747672CEDF /* Pods-RxWind.release.xcconfig */;
			buildSettings = {
				ASSETCATALOG_COMPILER_APPICON_NAME = AppIcon;
				CODE_SIGN_STYLE = Automatic;
				DEVELOPMENT_TEAM = 7D3N6W32KD;
				INFOPLIST_FILE = RxWind/Info.plist;
				IPHONEOS_DEPLOYMENT_TARGET = 10.0;
				LD_RUNPATH_SEARCH_PATHS = (
					"$(inherited)",
					"@executable_path/Frameworks",
				);
				PRODUCT_BUNDLE_IDENTIFIER = com.loself.RxWind;
				PRODUCT_NAME = "$(TARGET_NAME)";
				SWIFT_VERSION = 5.0;
				TARGETED_DEVICE_FAMILY = 1;
			};
			name = Release;
		};
/* End XCBuildConfiguration section */

/* Begin XCConfigurationList section */
		04D8A9C02312673700AB969A /* Build configuration list for PBXProject "RxWind" */ = {
			isa = XCConfigurationList;
			buildConfigurations = (
				04D8A9D52312673800AB969A /* Debug */,
				04D8A9D62312673800AB969A /* Release */,
			);
			defaultConfigurationIsVisible = 0;
			defaultConfigurationName = Release;
		};
		04D8A9D72312673800AB969A /* Build configuration list for PBXNativeTarget "RxWind" */ = {
			isa = XCConfigurationList;
			buildConfigurations = (
				04D8A9D82312673800AB969A /* Debug */,
				04D8A9D92312673800AB969A /* Release */,
			);
			defaultConfigurationIsVisible = 0;
			defaultConfigurationName = Release;
		};
/* End XCConfigurationList section */
	};
	rootObject = 04D8A9BD2312673700AB969A /* Project object */;
}
